
Microsoft Visual Studio Solution File, Format Version 12.00
# Visual Studio 15
Project("{FAE04EC0-301F-11D3-BF4B-00C04F79EFBC}") = "Assembly-CSharp", "Assembly-CSharp.csproj", "{A97BF3CB-C9FC-4F00-EAB5-39C499D6F362}"
EndProject
Project("{FAE04EC0-301F-11D3-BF4B-00C04F79EFBC}") = "Assembly-CSharp-Editor", "Assembly-CSharp-Editor.csproj", "{B54E65D6-7483-61B1-44C9-0AF877E6A625}"
EndProject
Global
	GlobalSection(SolutionConfigurationPlatforms) = preSolution
		Debug|Any CPU = Debug|Any CPU
		Release|Any CPU = Release|Any CPU
	EndGlobalSection
	GlobalSection(ProjectConfigurationPlatforms) = postSolution
		{A97BF3CB-C9FC-4F00-EAB5-39C499D6F362}.Debug|Any CPU.ActiveCfg = Debug|Any CPU
		{A97BF3CB-C9FC-4F00-EAB5-39C499D6F362}.Debug|Any CPU.Build.0 = Debug|Any CPU
		{A97BF3CB-C9FC-4F00-EAB5-39C499D6F362}.Release|Any CPU.ActiveCfg = Release|Any CPU
		{A97BF3CB-C9FC-4F00-EAB5-39C499D6F362}.Release|Any CPU.Build.0 = Release|Any CPU
		{B54E65D6-7483-61B1-44C9-0AF877E6A625}.Debug|Any CPU.ActiveCfg = Debug|Any CPU
		{B54E65D6-7483-61B1-44C9-0AF877E6A625}.Debug|Any CPU.Build.0 = Debug|Any CPU
		{B54E65D6-7483-61B1-44C9-0AF877E6A625}.Release|Any CPU.ActiveCfg = Release|Any CPU
		{B54E65D6-7483-61B1-44C9-0AF877E6A625}.Release|Any CPU.Build.0 = Release|Any CPU
	EndGlobalSection
	GlobalSection(SolutionProperties) = preSolution
		HideSolutionNode = FALSE
	EndGlobalSection
EndGlobal
